{
  "name": "micro-toolkit-event-bus-zeromq",
  "version": "2.0.0",
  "dependencies": {
    "ansi-regex": {
      "version": "2.1.1",
      "from": "ansi-regex@>=2.0.0 <3.0.0",
      "resolved": "https://registry.npmjs.org/ansi-regex/-/ansi-regex-2.1.1.tgz"
    },
    "aproba": {
      "version": "1.2.0",
      "from": "aproba@>=1.0.3 <2.0.0",
      "resolved": "https://registry.npmjs.org/aproba/-/aproba-1.2.0.tgz"
    },
    "are-we-there-yet": {
      "version": "1.1.5",
      "from": "are-we-there-yet@>=1.1.2 <1.2.0",
      "resolved": "https://registry.npmjs.org/are-we-there-yet/-/are-we-there-yet-1.1.5.tgz"
    },
    "async": {
      "version": "2.6.0",
      "from": "async@2.6.0",
      "resolved": "https://registry.npmjs.org/async/-/async-2.6.0.tgz"
    },
    "bl": {
      "version": "1.2.2",
      "from": "bl@>=1.0.0 <2.0.0",
      "resolved": "https://registry.npmjs.org/bl/-/bl-1.2.2.tgz",
      "dependencies": {
        "process-nextick-args": {
          "version": "2.0.0",
          "from": "process-nextick-args@>=2.0.0 <2.1.0",
          "resolved": "https://registry.npmjs.org/process-nextick-args/-/process-nextick-args-2.0.0.tgz"
        },
        "readable-stream": {
          "version": "2.3.6",
          "from": "readable-stream@>=2.3.5 <3.0.0",
          "resolved": "https://registry.npmjs.org/readable-stream/-/readable-stream-2.3.6.tgz"
        },
        "string_decoder": {
          "version": "1.1.1",
          "from": "string_decoder@>=1.1.1 <1.2.0",
          "resolved": "https://registry.npmjs.org/string_decoder/-/string_decoder-1.1.1.tgz"
        }
      }
    },
    "bluebird": {
      "version": "3.5.3",
      "from": "bluebird@>=3.5.1 <4.0.0",
      "resolved": "https://registry.npmjs.org/bluebird/-/bluebird-3.5.3.tgz"
    },
    "bson": {
      "version": "1.0.9",
      "from": "bson@>=1.0.4 <1.1.0",
      "resolved": "https://registry.npmjs.org/bson/-/bson-1.0.9.tgz"
    },
    "buffer-alloc": {
      "version": "1.2.0",
      "from": "buffer-alloc@>=1.2.0 <2.0.0",
      "resolved": "https://registry.npmjs.org/buffer-alloc/-/buffer-alloc-1.2.0.tgz"
    },
    "buffer-alloc-unsafe": {
      "version": "1.1.0",
      "from": "buffer-alloc-unsafe@>=1.1.0 <2.0.0",
      "resolved": "https://registry.npmjs.org/buffer-alloc-unsafe/-/buffer-alloc-unsafe-1.1.0.tgz"
    },
    "buffer-fill": {
      "version": "1.0.0",
      "from": "buffer-fill@>=1.0.0 <2.0.0",
      "resolved": "https://registry.npmjs.org/buffer-fill/-/buffer-fill-1.0.0.tgz"
    },
    "buffer-shims": {
      "version": "1.0.0",
      "from": "buffer-shims@>=1.0.0 <1.1.0",
      "resolved": "https://registry.npmjs.org/buffer-shims/-/buffer-shims-1.0.0.tgz"
    },
    "chownr": {
      "version": "1.1.1",
      "from": "chownr@>=1.0.1 <2.0.0",
      "resolved": "https://registry.npmjs.org/chownr/-/chownr-1.1.1.tgz"
    },
    "code-point-at": {
      "version": "1.1.0",
      "from": "code-point-at@>=1.0.0 <2.0.0",
      "resolved": "https://registry.npmjs.org/code-point-at/-/code-point-at-1.1.0.tgz"
    },
    "console-control-strings": {
      "version": "1.1.0",
      "from": "console-control-strings@>=1.1.0 <1.2.0",
      "resolved": "https://registry.npmjs.org/console-control-strings/-/console-control-strings-1.1.0.tgz"
    },
    "core-util-is": {
      "version": "1.0.2",
      "from": "core-util-is@>=1.0.0 <1.1.0",
      "resolved": "https://registry.npmjs.org/core-util-is/-/core-util-is-1.0.2.tgz"
    },
    "debug": {
      "version": "2.6.9",
      "from": "debug@2.6.9",
      "resolved": "https://registry.npmjs.org/debug/-/debug-2.6.9.tgz"
    },
    "decompress-response": {
      "version": "3.3.0",
      "from": "decompress-response@>=3.3.0 <4.0.0",
      "resolved": "https://registry.npmjs.org/decompress-response/-/decompress-response-3.3.0.tgz"
    },
    "deep-extend": {
      "version": "0.6.0",
      "from": "deep-extend@>=0.6.0 <0.7.0",
      "resolved": "https://registry.npmjs.org/deep-extend/-/deep-extend-0.6.0.tgz"
    },
    "delegates": {
      "version": "1.0.0",
      "from": "delegates@>=1.0.0 <2.0.0",
      "resolved": "https://registry.npmjs.org/delegates/-/delegates-1.0.0.tgz"
    },
    "detect-libc": {
      "version": "1.0.3",
      "from": "detect-libc@>=1.0.3 <2.0.0",
      "resolved": "https://registry.npmjs.org/detect-libc/-/detect-libc-1.0.3.tgz"
    },
    "end-of-stream": {
      "version": "1.4.1",
      "from": "end-of-stream@>=1.1.0 <2.0.0",
      "resolved": "https://registry.npmjs.org/end-of-stream/-/end-of-stream-1.4.1.tgz"
    },
    "es6-promise": {
      "version": "3.2.1",
      "from": "es6-promise@3.2.1",
      "resolved": "https://registry.npmjs.org/es6-promise/-/es6-promise-3.2.1.tgz"
    },
    "expand-template": {
      "version": "1.1.1",
      "from": "expand-template@>=1.0.2 <2.0.0",
      "resolved": "https://registry.npmjs.org/expand-template/-/expand-template-1.1.1.tgz"
    },
    "fs-constants": {
      "version": "1.0.0",
      "from": "fs-constants@>=1.0.0 <2.0.0",
      "resolved": "https://registry.npmjs.org/fs-constants/-/fs-constants-1.0.0.tgz"
    },
    "gauge": {
      "version": "2.7.4",
      "from": "gauge@>=2.7.3 <2.8.0",
      "resolved": "https://registry.npmjs.org/gauge/-/gauge-2.7.4.tgz"
    },
    "github-from-package": {
      "version": "0.0.0",
      "from": "github-from-package@0.0.0",
      "resolved": "https://registry.npmjs.org/github-from-package/-/github-from-package-0.0.0.tgz"
    },
    "has-unicode": {
      "version": "2.0.1",
      "from": "has-unicode@>=2.0.0 <3.0.0",
      "resolved": "https://registry.npmjs.org/has-unicode/-/has-unicode-2.0.1.tgz"
    },
    "hooks-fixed": {
      "version": "2.0.2",
      "from": "hooks-fixed@2.0.2",
      "resolved": "https://registry.npmjs.org/hooks-fixed/-/hooks-fixed-2.0.2.tgz"
    },
    "inherits": {
      "version": "2.0.3",
      "from": "inherits@>=2.0.1 <2.1.0",
      "resolved": "https://registry.npmjs.org/inherits/-/inherits-2.0.3.tgz"
    },
    "ini": {
      "version": "1.3.5",
      "from": "ini@>=1.3.0 <1.4.0",
      "resolved": "https://registry.npmjs.org/ini/-/ini-1.3.5.tgz"
    },
    "is-fullwidth-code-point": {
      "version": "1.0.0",
      "from": "is-fullwidth-code-point@>=1.0.0 <2.0.0",
      "resolved": "https://registry.npmjs.org/is-fullwidth-code-point/-/is-fullwidth-code-point-1.0.0.tgz"
    },
    "isarray": {
      "version": "1.0.0",
      "from": "isarray@>=1.0.0 <1.1.0",
      "resolved": "https://registry.npmjs.org/isarray/-/isarray-1.0.0.tgz"
    },
    "kareem": {
      "version": "1.5.0",
      "from": "kareem@1.5.0",
      "resolved": "https://registry.npmjs.org/kareem/-/kareem-1.5.0.tgz"
    },
    "lodash": {
      "version": "4.17.11",
      "from": "lodash@>=4.17.11 <5.0.0",
      "resolved": "https://registry.npmjs.org/lodash/-/lodash-4.17.11.tgz"
    },
    "lodash.get": {
      "version": "4.4.2",
      "from": "lodash.get@4.4.2",
      "resolved": "https://registry.npmjs.org/lodash.get/-/lodash.get-4.4.2.tgz"
    },
    "logger-facade-console-plugin-nodejs": {
      "version": "2.0.0",
      "from": "logger-facade-console-plugin-nodejs@>=2.0.0 <3.0.0",
      "resolved": "https://registry.npmjs.org/logger-facade-console-plugin-nodejs/-/logger-facade-console-plugin-nodejs-2.0.0.tgz"
    },
    "logger-facade-nodejs": {
      "version": "2.0.0",
      "from": "logger-facade-nodejs@>=2.0.0 <3.0.0",
      "resolved": "https://registry.npmjs.org/logger-facade-nodejs/-/logger-facade-nodejs-2.0.0.tgz"
    },
    "micro-toolkit-event-storage-mongo": {
      "version": "1.1.0",
      "from": "micro-toolkit-event-storage-mongo@>=1.1.0 <2.0.0",
      "resolved": "https://registry.npmjs.org/micro-toolkit-event-storage-mongo/-/micro-toolkit-event-storage-mongo-1.1.0.tgz"
    },
    "mimic-response": {
      "version": "1.0.1",
      "from": "mimic-response@>=1.0.0 <2.0.0",
      "resolved": "https://registry.npmjs.org/mimic-response/-/mimic-response-1.0.1.tgz"
    },
    "minimist": {
      "version": "1.2.0",
      "from": "minimist@>=1.2.0 <2.0.0",
      "resolved": "https://registry.npmjs.org/minimist/-/minimist-1.2.0.tgz"
    },
    "mkdirp": {
      "version": "0.5.1",
      "from": "mkdirp@>=0.5.1 <0.6.0",
      "resolved": "https://registry.npmjs.org/mkdirp/-/mkdirp-0.5.1.tgz",
      "dependencies": {
        "minimist": {
          "version": "0.0.8",
          "from": "minimist@0.0.8",
          "resolved": "https://registry.npmjs.org/minimist/-/minimist-0.0.8.tgz"
        }
      }
    },
    "moment": {
      "version": "2.24.0",
      "from": "moment@>=2.12.0 <3.0.0",
      "resolved": "https://registry.npmjs.org/moment/-/moment-2.24.0.tgz"
    },
    "mongodb": {
      "version": "2.2.34",
      "from": "mongodb@2.2.34",
      "resolved": "https://registry.npmjs.org/mongodb/-/mongodb-2.2.34.tgz"
    },
    "mongodb-core": {
      "version": "2.1.18",
      "from": "mongodb-core@2.1.18",
      "resolved": "https://registry.npmjs.org/mongodb-core/-/mongodb-core-2.1.18.tgz"
    },
    "mongoose": {
      "version": "4.13.18",
      "from": "mongoose@>=4.13.4 <5.0.0",
      "resolved": "https://registry.npmjs.org/mongoose/-/mongoose-4.13.18.tgz"
    },
    "mpath": {
      "version": "0.5.1",
      "from": "mpath@0.5.1",
      "resolved": "https://registry.npmjs.org/mpath/-/mpath-0.5.1.tgz"
    },
    "mpromise": {
      "version": "0.5.5",
      "from": "mpromise@0.5.5",
      "resolved": "https://registry.npmjs.org/mpromise/-/mpromise-0.5.5.tgz"
    },
    "mquery": {
      "version": "2.3.3",
      "from": "mquery@2.3.3",
      "resolved": "https://registry.npmjs.org/mquery/-/mquery-2.3.3.tgz",
      "dependencies": {
        "bluebird": {
          "version": "3.5.0",
          "from": "bluebird@3.5.0",
          "resolved": "https://registry.npmjs.org/bluebird/-/bluebird-3.5.0.tgz"
        },
        "sliced": {
          "version": "0.0.5",
          "from": "sliced@0.0.5",
          "resolved": "https://registry.npmjs.org/sliced/-/sliced-0.0.5.tgz"
        }
      }
    },
    "ms": {
      "version": "2.0.0",
      "from": "ms@2.0.0",
      "resolved": "https://registry.npmjs.org/ms/-/ms-2.0.0.tgz"
    },
    "msgpack": {
      "version": "1.0.2",
      "from": "msgpack@>=1.0.2 <2.0.0",
      "resolved": "https://registry.npmjs.org/msgpack/-/msgpack-1.0.2.tgz"
    },
    "muri": {
      "version": "1.3.0",
      "from": "muri@1.3.0",
      "resolved": "https://registry.npmjs.org/muri/-/muri-1.3.0.tgz"
    },
    "nan": {
      "version": "2.12.1",
      "from": "nan@>=2.0.9 <3.0.0",
      "resolved": "https://registry.npmjs.org/nan/-/nan-2.12.1.tgz"
    },
    "napi-build-utils": {
      "version": "1.0.1",
      "from": "napi-build-utils@>=1.0.1 <2.0.0",
      "resolved": "https://registry.npmjs.org/napi-build-utils/-/napi-build-utils-1.0.1.tgz"
    },
    "node-abi": {
      "version": "2.7.0",
      "from": "node-abi@>=2.2.0 <3.0.0",
      "resolved": "https://registry.npmjs.org/node-abi/-/node-abi-2.7.0.tgz"
    },
    "noop-logger": {
      "version": "0.1.1",
      "from": "noop-logger@>=0.1.1 <0.2.0",
      "resolved": "https://registry.npmjs.org/noop-logger/-/noop-logger-0.1.1.tgz"
    },
    "npmlog": {
      "version": "4.1.2",
      "from": "npmlog@>=4.0.1 <5.0.0",
      "resolved": "https://registry.npmjs.org/npmlog/-/npmlog-4.1.2.tgz"
    },
    "number-is-nan": {
      "version": "1.0.1",
      "from": "number-is-nan@>=1.0.0 <2.0.0",
      "resolved": "https://registry.npmjs.org/number-is-nan/-/number-is-nan-1.0.1.tgz"
    },
    "object-assign": {
      "version": "4.1.1",
      "from": "object-assign@>=4.1.0 <5.0.0",
      "resolved": "https://registry.npmjs.org/object-assign/-/object-assign-4.1.1.tgz"
    },
    "once": {
      "version": "1.4.0",
      "from": "once@>=1.3.1 <2.0.0",
      "resolved": "https://registry.npmjs.org/once/-/once-1.4.0.tgz"
    },
    "os-homedir": {
      "version": "1.0.2",
      "from": "os-homedir@>=1.0.1 <2.0.0",
      "resolved": "https://registry.npmjs.org/os-homedir/-/os-homedir-1.0.2.tgz"
    },
    "prebuild-install": {
      "version": "5.2.1",
      "from": "prebuild-install@5.2.1",
      "resolved": "https://registry.npmjs.org/prebuild-install/-/prebuild-install-5.2.1.tgz"
    },
    "process-nextick-args": {
      "version": "1.0.7",
      "from": "process-nextick-args@>=1.0.6 <1.1.0",
      "resolved": "https://registry.npmjs.org/process-nextick-args/-/process-nextick-args-1.0.7.tgz"
    },
    "pump": {
      "version": "2.0.1",
      "from": "pump@>=2.0.1 <3.0.0",
      "resolved": "https://registry.npmjs.org/pump/-/pump-2.0.1.tgz"
    },
    "rc": {
      "version": "1.2.8",
      "from": "rc@>=1.2.7 <2.0.0",
      "resolved": "https://registry.npmjs.org/rc/-/rc-1.2.8.tgz"
    },
    "readable-stream": {
      "version": "2.2.7",
      "from": "readable-stream@2.2.7",
      "resolved": "https://registry.npmjs.org/readable-stream/-/readable-stream-2.2.7.tgz"
    },
    "regexp-clone": {
      "version": "0.0.1",
      "from": "regexp-clone@0.0.1",
      "resolved": "https://registry.npmjs.org/regexp-clone/-/regexp-clone-0.0.1.tgz"
    },
    "require_optional": {
      "version": "1.0.1",
      "from": "require_optional@>=1.0.0 <1.1.0",
      "resolved": "https://registry.npmjs.org/require_optional/-/require_optional-1.0.1.tgz"
    },
    "resolve-from": {
      "version": "2.0.0",
      "from": "resolve-from@>=2.0.0 <3.0.0",
      "resolved": "https://registry.npmjs.org/resolve-from/-/resolve-from-2.0.0.tgz"
    },
    "safe-buffer": {
      "version": "5.1.2",
      "from": "safe-buffer@>=5.1.0 <5.2.0",
      "resolved": "https://registry.npmjs.org/safe-buffer/-/safe-buffer-5.1.2.tgz"
    },
    "semver": {
      "version": "5.6.0",
      "from": "semver@>=5.1.0 <6.0.0",
      "resolved": "https://registry.npmjs.org/semver/-/semver-5.6.0.tgz"
    },
    "set-blocking": {
      "version": "2.0.0",
      "from": "set-blocking@>=2.0.0 <2.1.0",
      "resolved": "https://registry.npmjs.org/set-blocking/-/set-blocking-2.0.0.tgz"
    },
    "signal-exit": {
      "version": "3.0.2",
      "from": "signal-exit@>=3.0.0 <4.0.0",
      "resolved": "https://registry.npmjs.org/signal-exit/-/signal-exit-3.0.2.tgz"
    },
    "simple-concat": {
      "version": "1.0.0",
      "from": "simple-concat@>=1.0.0 <2.0.0",
      "resolved": "https://registry.npmjs.org/simple-concat/-/simple-concat-1.0.0.tgz"
    },
    "simple-get": {
      "version": "2.8.1",
      "from": "simple-get@>=2.7.0 <3.0.0",
      "resolved": "https://registry.npmjs.org/simple-get/-/simple-get-2.8.1.tgz"
    },
    "sliced": {
      "version": "1.0.1",
      "from": "sliced@1.0.1",
      "resolved": "https://registry.npmjs.org/sliced/-/sliced-1.0.1.tgz"
    },
    "string_decoder": {
      "version": "1.0.3",
      "from": "string_decoder@>=1.0.0 <1.1.0",
      "resolved": "https://registry.npmjs.org/string_decoder/-/string_decoder-1.0.3.tgz"
    },
    "string-width": {
      "version": "1.0.2",
      "from": "string-width@>=1.0.1 <2.0.0",
      "resolved": "https://registry.npmjs.org/string-width/-/string-width-1.0.2.tgz"
    },
    "strip-ansi": {
      "version": "3.0.1",
      "from": "strip-ansi@>=3.0.1 <4.0.0",
      "resolved": "https://registry.npmjs.org/strip-ansi/-/strip-ansi-3.0.1.tgz"
    },
    "strip-json-comments": {
      "version": "2.0.1",
      "from": "strip-json-comments@>=2.0.1 <2.1.0",
      "resolved": "https://registry.npmjs.org/strip-json-comments/-/strip-json-comments-2.0.1.tgz"
    },
    "tar-fs": {
      "version": "1.16.3",
      "from": "tar-fs@>=1.13.0 <2.0.0",
      "resolved": "https://registry.npmjs.org/tar-fs/-/tar-fs-1.16.3.tgz",
      "dependencies": {
        "pump": {
          "version": "1.0.3",
          "from": "pump@>=1.0.0 <2.0.0",
          "resolved": "https://registry.npmjs.org/pump/-/pump-1.0.3.tgz"
        }
      }
    },
    "tar-stream": {
      "version": "1.6.2",
      "from": "tar-stream@>=1.1.2 <2.0.0",
      "resolved": "https://registry.npmjs.org/tar-stream/-/tar-stream-1.6.2.tgz",
      "dependencies": {
        "process-nextick-args": {
          "version": "2.0.0",
          "from": "process-nextick-args@>=2.0.0 <2.1.0",
          "resolved": "https://registry.npmjs.org/process-nextick-args/-/process-nextick-args-2.0.0.tgz"
        },
        "readable-stream": {
          "version": "2.3.6",
          "from": "readable-stream@>=2.3.0 <3.0.0",
          "resolved": "https://registry.npmjs.org/readable-stream/-/readable-stream-2.3.6.tgz"
        },
        "string_decoder": {
          "version": "1.1.1",
          "from": "string_decoder@>=1.1.1 <1.2.0",
          "resolved": "https://registry.npmjs.org/string_decoder/-/string_decoder-1.1.1.tgz"
        }
      }
    },
    "to-buffer": {
      "version": "1.1.1",
      "from": "to-buffer@>=1.1.1 <2.0.0",
      "resolved": "https://registry.npmjs.org/to-buffer/-/to-buffer-1.1.1.tgz"
    },
    "tunnel-agent": {
      "version": "0.6.0",
      "from": "tunnel-agent@>=0.6.0 <0.7.0",
      "resolved": "https://registry.npmjs.org/tunnel-agent/-/tunnel-agent-0.6.0.tgz"
    },
    "util-deprecate": {
      "version": "1.0.2",
      "from": "util-deprecate@>=1.0.1 <1.1.0",
      "resolved": "https://registry.npmjs.org/util-deprecate/-/util-deprecate-1.0.2.tgz"
    },
    "uuid": {
      "version": "3.3.2",
      "from": "uuid@>=3.3.2 <4.0.0",
      "resolved": "https://registry.npmjs.org/uuid/-/uuid-3.3.2.tgz"
    },
    "which-pm-runs": {
      "version": "1.0.0",
      "from": "which-pm-runs@>=1.0.0 <2.0.0",
      "resolved": "https://registry.npmjs.org/which-pm-runs/-/which-pm-runs-1.0.0.tgz"
    },
    "wide-align": {
      "version": "1.1.3",
      "from": "wide-align@>=1.1.0 <2.0.0",
      "resolved": "https://registry.npmjs.org/wide-align/-/wide-align-1.1.3.tgz"
    },
    "wrappy": {
      "version": "1.0.2",
      "from": "wrappy@>=1.0.0 <2.0.0",
      "resolved": "https://registry.npmjs.org/wrappy/-/wrappy-1.0.2.tgz"
    },
    "xtend": {
      "version": "4.0.1",
      "from": "xtend@>=4.0.0 <5.0.0",
      "resolved": "https://registry.npmjs.org/xtend/-/xtend-4.0.1.tgz"
    },
    "zeromq": {
      "version": "5.1.0",
      "from": "zeromq@>=5.1.0 <6.0.0",
      "resolved": "https://registry.npmjs.org/zeromq/-/zeromq-5.1.0.tgz"
    }
  }
}
