{
  "name": "micro-toolkit-event-bus-zeromq",
  "version": "1.1.1",
  "dependencies": {
    "async": {
      "version": "2.1.4",
      "from": "async@2.1.4",
      "resolved": "https://registry.npmjs.org/async/-/async-2.1.4.tgz"
    },
    "bindings": {
      "version": "1.2.1",
      "from": "bindings@>=1.2.1 <1.3.0",
      "resolved": "https://registry.npmjs.org/bindings/-/bindings-1.2.1.tgz"
    },
    "bluebird": {
      "version": "3.5.0",
      "from": "bluebird@>=3.4.6 <4.0.0",
      "resolved": "https://registry.npmjs.org/bluebird/-/bluebird-3.5.0.tgz"
    },
    "bson": {
      "version": "1.0.4",
      "from": "bson@>=1.0.4 <1.1.0",
      "resolved": "https://registry.npmjs.org/bson/-/bson-1.0.4.tgz"
    },
    "buffer-shims": {
      "version": "1.0.0",
      "from": "buffer-shims@>=1.0.0 <1.1.0",
      "resolved": "https://registry.npmjs.org/buffer-shims/-/buffer-shims-1.0.0.tgz"
    },
    "core-util-is": {
      "version": "1.0.2",
      "from": "core-util-is@>=1.0.0 <1.1.0",
      "resolved": "https://registry.npmjs.org/core-util-is/-/core-util-is-1.0.2.tgz"
    },
    "debug": {
      "version": "2.6.8",
      "from": "debug@2.6.8",
      "resolved": "https://registry.npmjs.org/debug/-/debug-2.6.8.tgz"
    },
    "es6-promise": {
      "version": "3.2.1",
      "from": "es6-promise@3.2.1",
      "resolved": "https://registry.npmjs.org/es6-promise/-/es6-promise-3.2.1.tgz"
    },
    "hooks-fixed": {
      "version": "2.0.0",
      "from": "hooks-fixed@2.0.0",
      "resolved": "https://registry.npmjs.org/hooks-fixed/-/hooks-fixed-2.0.0.tgz"
    },
    "inherits": {
      "version": "2.0.3",
      "from": "inherits@>=2.0.1 <2.1.0",
      "resolved": "https://registry.npmjs.org/inherits/-/inherits-2.0.3.tgz"
    },
    "isarray": {
      "version": "1.0.0",
      "from": "isarray@>=1.0.0 <1.1.0",
      "resolved": "https://registry.npmjs.org/isarray/-/isarray-1.0.0.tgz"
    },
    "kareem": {
      "version": "1.5.0",
      "from": "kareem@1.5.0",
      "resolved": "https://registry.npmjs.org/kareem/-/kareem-1.5.0.tgz"
    },
    "lodash": {
      "version": "4.17.4",
      "from": "lodash@>=4.17.4 <5.0.0",
      "resolved": "https://registry.npmjs.org/lodash/-/lodash-4.17.4.tgz"
    },
    "logger-facade-console-plugin-nodejs": {
      "version": "1.0.0",
      "from": "logger-facade-console-plugin-nodejs@>=1.0.0 <2.0.0",
      "resolved": "https://registry.npmjs.org/logger-facade-console-plugin-nodejs/-/logger-facade-console-plugin-nodejs-1.0.0.tgz"
    },
    "logger-facade-nodejs": {
      "version": "1.0.1",
      "from": "logger-facade-nodejs@>=1.0.1 <2.0.0",
      "resolved": "https://registry.npmjs.org/logger-facade-nodejs/-/logger-facade-nodejs-1.0.1.tgz"
    },
    "micro-toolkit-event-storage-mongo": {
      "version": "1.0.0",
      "from": "micro-toolkit-event-storage-mongo@>=1.0.0 <2.0.0",
      "resolved": "https://registry.npmjs.org/micro-toolkit-event-storage-mongo/-/micro-toolkit-event-storage-mongo-1.0.0.tgz"
    },
    "minimist": {
      "version": "1.2.0",
      "from": "minimist@>=1.2.0 <2.0.0",
      "resolved": "https://registry.npmjs.org/minimist/-/minimist-1.2.0.tgz"
    },
    "moment": {
      "version": "2.18.1",
      "from": "moment@>=2.12.0 <3.0.0",
      "resolved": "https://registry.npmjs.org/moment/-/moment-2.18.1.tgz"
    },
    "mongodb": {
      "version": "2.2.31",
      "from": "mongodb@2.2.31",
      "resolved": "https://registry.npmjs.org/mongodb/-/mongodb-2.2.31.tgz"
    },
    "mongodb-core": {
      "version": "2.1.15",
      "from": "mongodb-core@2.1.15",
      "resolved": "https://registry.npmjs.org/mongodb-core/-/mongodb-core-2.1.15.tgz"
    },
    "mongoose": {
      "version": "4.11.11",
      "from": "mongoose@>=4.7.0 <5.0.0",
      "resolved": "https://registry.npmjs.org/mongoose/-/mongoose-4.11.11.tgz"
    },
    "mpath": {
      "version": "0.3.0",
      "from": "mpath@0.3.0",
      "resolved": "https://registry.npmjs.org/mpath/-/mpath-0.3.0.tgz"
    },
    "mpromise": {
      "version": "0.5.5",
      "from": "mpromise@0.5.5",
      "resolved": "https://registry.npmjs.org/mpromise/-/mpromise-0.5.5.tgz"
    },
    "mquery": {
      "version": "2.3.1",
      "from": "mquery@2.3.1",
      "resolved": "https://registry.npmjs.org/mquery/-/mquery-2.3.1.tgz",
      "dependencies": {
        "bluebird": {
          "version": "2.10.2",
          "from": "bluebird@2.10.2",
          "resolved": "https://registry.npmjs.org/bluebird/-/bluebird-2.10.2.tgz"
        },
        "sliced": {
          "version": "0.0.5",
          "from": "sliced@0.0.5",
          "resolved": "https://registry.npmjs.org/sliced/-/sliced-0.0.5.tgz"
        }
      }
    },
    "ms": {
      "version": "2.0.0",
      "from": "ms@2.0.0",
      "resolved": "https://registry.npmjs.org/ms/-/ms-2.0.0.tgz"
    },
    "msgpack": {
      "version": "1.0.2",
      "from": "msgpack@>=1.0.2 <2.0.0",
      "resolved": "https://registry.npmjs.org/msgpack/-/msgpack-1.0.2.tgz"
    },
    "muri": {
      "version": "1.2.2",
      "from": "muri@1.2.2",
      "resolved": "https://registry.npmjs.org/muri/-/muri-1.2.2.tgz"
    },
    "nan": {
      "version": "2.7.0",
      "from": "nan@>=2.0.9 <3.0.0",
      "resolved": "https://registry.npmjs.org/nan/-/nan-2.7.0.tgz"
    },
    "process-nextick-args": {
      "version": "1.0.7",
      "from": "process-nextick-args@>=1.0.6 <1.1.0",
      "resolved": "https://registry.npmjs.org/process-nextick-args/-/process-nextick-args-1.0.7.tgz"
    },
    "readable-stream": {
      "version": "2.2.7",
      "from": "readable-stream@2.2.7",
      "resolved": "https://registry.npmjs.org/readable-stream/-/readable-stream-2.2.7.tgz"
    },
    "regexp-clone": {
      "version": "0.0.1",
      "from": "regexp-clone@0.0.1",
      "resolved": "https://registry.npmjs.org/regexp-clone/-/regexp-clone-0.0.1.tgz"
    },
    "require_optional": {
      "version": "1.0.1",
      "from": "require_optional@>=1.0.0 <1.1.0",
      "resolved": "https://registry.npmjs.org/require_optional/-/require_optional-1.0.1.tgz"
    },
    "resolve-from": {
      "version": "2.0.0",
      "from": "resolve-from@>=2.0.0 <3.0.0",
      "resolved": "https://registry.npmjs.org/resolve-from/-/resolve-from-2.0.0.tgz"
    },
    "safe-buffer": {
      "version": "5.1.1",
      "from": "safe-buffer@>=5.1.0 <5.2.0",
      "resolved": "https://registry.npmjs.org/safe-buffer/-/safe-buffer-5.1.1.tgz"
    },
    "semver": {
      "version": "5.4.1",
      "from": "semver@>=5.1.0 <6.0.0",
      "resolved": "https://registry.npmjs.org/semver/-/semver-5.4.1.tgz"
    },
    "sliced": {
      "version": "1.0.1",
      "from": "sliced@1.0.1",
      "resolved": "https://registry.npmjs.org/sliced/-/sliced-1.0.1.tgz"
    },
    "string_decoder": {
      "version": "1.0.3",
      "from": "string_decoder@>=1.0.0 <1.1.0",
      "resolved": "https://registry.npmjs.org/string_decoder/-/string_decoder-1.0.3.tgz"
    },
    "util-deprecate": {
      "version": "1.0.2",
      "from": "util-deprecate@>=1.0.1 <1.1.0",
      "resolved": "https://registry.npmjs.org/util-deprecate/-/util-deprecate-1.0.2.tgz"
    },
    "uuid": {
      "version": "3.1.0",
      "from": "uuid@>=3.1.0 <4.0.0",
      "resolved": "https://registry.npmjs.org/uuid/-/uuid-3.1.0.tgz"
    },
    "zmq": {
      "version": "2.15.3",
      "from": "zmq@>=2.15.3 <3.0.0",
      "resolved": "https://registry.npmjs.org/zmq/-/zmq-2.15.3.tgz",
      "dependencies": {
        "nan": {
          "version": "2.3.5",
          "from": "nan@>=2.3.0 <2.4.0",
          "resolved": "https://registry.npmjs.org/nan/-/nan-2.3.5.tgz"
        }
      }
    }
  }
}
